
Microsoft Visual Studio Solution File, Format Version 12.00
# Visual Studio Version 17
VisualStudioVersion = 17.9.34902.65
MinimumVisualStudioVersion = 10.0.40219.1
Project("{FAE04EC0-301F-11D3-BF4B-00C04F79EFBC}") = "projectY", "projectY.csproj", "{DF1F3D11-2BA7-4287-833E-328B82798406}"
EndProject
Global
	GlobalSection(SolutionConfigurationPlatforms) = preSolution
		Debug|Any CPU = Debug|Any CPU
		Release|Any CPU = Release|Any CPU
	EndGlobalSection
	GlobalSection(ProjectConfigurationPlatforms) = postSolution
		{DF1F3D11-2BA7-4287-833E-328B82798406}.Debug|Any CPU.ActiveCfg = Debug|Any CPU
		{DF1F3D11-2BA7-4287-833E-328B82798406}.Debug|Any CPU.Build.0 = Debug|Any CPU
		{DF1F3D11-2BA7-4287-833E-328B82798406}.Release|Any CPU.ActiveCfg = Release|Any CPU
		{DF1F3D11-2BA7-4287-833E-328B82798406}.Release|Any CPU.Build.0 = Release|Any CPU
	EndGlobalSection
	GlobalSection(SolutionProperties) = preSolution
		HideSolutionNode = FALSE
	EndGlobalSection
	GlobalSection(ExtensibilityGlobals) = postSolution
		SolutionGuid = {9B59520D-447C-423C-B0C2-A0DBD22E1D11}
	EndGlobalSection
EndGlobal
